// !$*UTF8*$!
{
	archiveVersion = 1;
	classes = {
	};
	objectVersion = 77;
	objects = {

/* Begin PBXBuildFile section */
		0410A86BF8E7D8214F677C56 /* icon-star-01.svg in Resources */ = {isa = PBXBuildFile; fileRef = 3D95212296E2A20DE6ADF492 /* icon-star-01.svg */; };
		06CC190E22040273064279FD /* icon-lightbulb-03.svg in Resources */ = {isa = PBXBuildFile; fileRef = 91A78F59B5BD69647B78D6D0 /* icon-lightbulb-03.svg */; };
		06F8C74979E99807A04E536F /* AtomQApp.swift in Sources */ = {isa = PBXBuildFile; fileRef = FADF5DC7AD330DE39A969084 /* AtomQApp.swift */; };
		179C8061EEA26D8802226CCA /* icon-play-circle.svg in Resources */ = {isa = PBXBuildFile; fileRef = C3771682DEAFBA4319198654 /* icon-play-circle.svg */; };
		217E3B8B84D0BC624AA135FD /* icon-dir-check.svg in Resources */ = {isa = PBXBuildFile; fileRef = 711501718C6FCF0B2B3C0207 /* icon-dir-check.svg */; };
		2ADF40258B49AEADC3E88EF4 /* icon-beaker.svg in Resources */ = {isa = PBXBuildFile; fileRef = F63AAE0DE81A9148A542DACF /* icon-beaker.svg */; };
		37D83F274F06B04650AF9E9E /* icon-dir-chevron-left.svg in Resources */ = {isa = PBXBuildFile; fileRef = 04D44891911A66F4F1D92DEE /* icon-dir-chevron-left.svg */; };
		3C79958E66FEFFB58B68F933 /* icon-uncheck-outline.svg in Resources */ = {isa = PBXBuildFile; fileRef = 3AA19891637C6FBBEB88C09F /* icon-uncheck-outline.svg */; };
		3D16708C5BDFC13CAABC9830 /* icon-stars-03.svg in Resources */ = {isa = PBXBuildFile; fileRef = 55A8CBFB9C7F3739114FCE92 /* icon-stars-03.svg */; };
		3E681F7780C815BAFA052674 /* HomePageView.swift in Sources */ = {isa = PBXBuildFile; fileRef = FAB2363EB89042A89E798CCD /* HomePageView.swift */; };
		4C7A054A28067447A4082F21 /* icon-user.svg in Resources */ = {isa = PBXBuildFile; fileRef = 37C2840F3B04954FA13CFE66 /* icon-user.svg */; };
		50688867273A70F6462B066A /* icon-notification.svg in Resources */ = {isa = PBXBuildFile; fileRef = 99B96544E7EBC91DC8F06B36 /* icon-notification.svg */; };
		50FA9382ED6F63C0B8E046A8 /* status-levels.svg in Resources */ = {isa = PBXBuildFile; fileRef = AE3E1DF4FADEB67697E3DDCA /* status-levels.svg */; };
		524BD50A001157C37191DC0A /* icon-atom.svg in Resources */ = {isa = PBXBuildFile; fileRef = 65BB70EED96792E40A39A839 /* icon-atom.svg */; };
		531CA98EBCE8A76260E83F68 /* icon-graduation-hat.svg in Resources */ = {isa = PBXBuildFile; fileRef = 5B78D6068F5F5A90BE6EB1C9 /* icon-graduation-hat.svg */; };
		545AC590149B6DF05123FAD8 /* ContentPackageRemoteStore.swift in Sources */ = {isa = PBXBuildFile; fileRef = D34F798EAA7D786BE8BFA915 /* ContentPackageRemoteStore.swift */; };
		551BCA69430C16E8BCA6A9AC /* icon-menu-03.svg in Resources */ = {isa = PBXBuildFile; fileRef = 9AC3ACB1E4043759EE899528 /* icon-menu-03.svg */; };
		5A128BBF3E6FADDCE8F5666A /* icon-arrow-left.svg in Resources */ = {isa = PBXBuildFile; fileRef = 5CAFC1167CC96585EC4FD17F /* icon-arrow-left.svg */; };
		5A38289E8DA6C425E1A5FD4C /* icon-dots-horizontal.svg in Resources */ = {isa = PBXBuildFile; fileRef = FC4F2965FBEBFDB07EB04FDD /* icon-dots-horizontal.svg */; };
		5CDF78EA63724AE4CCCCC02C /* marked.min.js in Resources */ = {isa = PBXBuildFile; fileRef = 9A04062B17C58FDCC456A3F0 /* marked.min.js */; };
		631194BBB22D2FC9B96E8F67 /* icon-chevron-forward.svg in Resources */ = {isa = PBXBuildFile; fileRef = F352754709120C69A9EE7330 /* icon-chevron-forward.svg */; };
		6910BA96A48C1165835CA468 /* SVGAssetView.swift in Sources */ = {isa = PBXBuildFile; fileRef = E6F7B0DB401AB6158EECAB41 /* SVGAssetView.swift */; };
		6C73A8DBE430AD4677209F69 /* DesignTokens.swift in Sources */ = {isa = PBXBuildFile; fileRef = 10C1468352EEE1EFB1548C8D /* DesignTokens.swift */; };
		72382277EC3402A7330A2FC1 /* icon-arrow-forward.svg in Resources */ = {isa = PBXBuildFile; fileRef = 7BF74A6C9351A02FBEE9C043 /* icon-arrow-forward.svg */; };
		76C63CE8A429449867A08DED /* GuestUserLocalStore.swift in Sources */ = {isa = PBXBuildFile; fileRef = 229D1D8EAA2A7D5136AACDFE /* GuestUserLocalStore.swift */; };
		7F10E00229C72643A53187B6 /* icon-bar-chart.svg in Resources */ = {isa = PBXBuildFile; fileRef = F54C49D8AE6FAA7B568DBF5E /* icon-bar-chart.svg */; };
		80295D86E089E0B8AE71BC9F /* icon-hero-spark.svg in Resources */ = {isa = PBXBuildFile; fileRef = E99289CCC89DF261EC27D646 /* icon-hero-spark.svg */; };
		9F20B72498F300CFAF8711FE /* KnowledgeCardStudyView.swift in Sources */ = {isa = PBXBuildFile; fileRef = F07CA8DD0C5582F271E177A4 /* KnowledgeCardStudyView.swift */; };
		A5E4BEA5417D75F78CEC7140 /* TaskCardView.swift in Sources */ = {isa = PBXBuildFile; fileRef = 484E5E0DC393A6CA85CC3A18 /* TaskCardView.swift */; };
		B2C6ACD179E3725E505380E1 /* LeoMarkdownView.swift in Sources */ = {isa = PBXBuildFile; fileRef = D62A74B784D5D9F21A02F75C /* LeoMarkdownView.swift */; };
		B304806B5D6E1F0932C9C17B /* icon-lightbulb-02.svg in Resources */ = {isa = PBXBuildFile; fileRef = 7E20CE2B41A8EBBADFEA3EAA /* icon-lightbulb-02.svg */; };
		BE2C843D73890ED4E0DAA694 /* icon-check-circle.svg in Resources */ = {isa = PBXBuildFile; fileRef = AA8FFECAFAE9501F84AD3295 /* icon-check-circle.svg */; };
		C0A3F5B468791ACE7803C655 /* icon-dir-x-close.svg in Resources */ = {isa = PBXBuildFile; fileRef = B99C32A70B4779C9BBB8CA0C /* icon-dir-x-close.svg */; };
		C19F98A963310AFF45E01BD5 /* icon-target-04.svg in Resources */ = {isa = PBXBuildFile; fileRef = 5D0622BDA7DC5A8DE2CBFAC5 /* icon-target-04.svg */; };
		CE7D8C2B5010DEE19DCB7596 /* bg-hero-subtract.svg in Resources */ = {isa = PBXBuildFile; fileRef = DB25609DD3456E611E82957C /* bg-hero-subtract.svg */; };
		D1E909C9F7384073DE012F47 /* icon-home-line.svg in Resources */ = {isa = PBXBuildFile; fileRef = 823751386443A8A0BCEB5AAE /* icon-home-line.svg */; };
		D6ED433F505CE173364B7C94 /* icon-red-dot.svg in Resources */ = {isa = PBXBuildFile; fileRef = 39591F509D60BD96299F14C2 /* icon-red-dot.svg */; };
		D90841C6378C9E956988C38A /* icon-certificate.svg in Resources */ = {isa = PBXBuildFile; fileRef = 56F445F0F21913456CC1421B /* icon-certificate.svg */; };
		DB1F9B9296315475F0542E3B /* icon-dir-chevron-down.svg in Resources */ = {isa = PBXBuildFile; fileRef = AA5BB871C8D2C3C36EB161E8 /* icon-dir-chevron-down.svg */; };
		DB919C8E3FD08DD5180F1DB4 /* hero-decor-frame-146.svg in Resources */ = {isa = PBXBuildFile; fileRef = FB09C949FFD7223DE2EB0D1B /* hero-decor-frame-146.svg */; };
		DDF2D5CCD6C652BDF2F02598 /* icon-lightbulb-01.svg in Resources */ = {isa = PBXBuildFile; fileRef = 7014382F98E52A1A69F23F27 /* icon-lightbulb-01.svg */; };
		E42C4E1C9739F5130BA09C4D /* KnowledgeCardDataStore.swift in Sources */ = {isa = PBXBuildFile; fileRef = 149F36AC2BAC96EDCF4C03DF /* KnowledgeCardDataStore.swift */; };
		EB699414FBC12C594FED27DA /* icon-uncheck-progress.svg in Resources */ = {isa = PBXBuildFile; fileRef = CDB5166B754F8253CE3FABB4 /* icon-uncheck-progress.svg */; };
/* End PBXBuildFile section */

/* Begin PBXFileReference section */
		04D44891911A66F4F1D92DEE /* icon-dir-chevron-left.svg */ = {isa = PBXFileReference; lastKnownFileType = text; path = "icon-dir-chevron-left.svg"; sourceTree = "<group>"; };
		10C1468352EEE1EFB1548C8D /* DesignTokens.swift */ = {isa = PBXFileReference; lastKnownFileType = sourcecode.swift; path = DesignTokens.swift; sourceTree = "<group>"; };
		149F36AC2BAC96EDCF4C03DF /* KnowledgeCardDataStore.swift */ = {isa = PBXFileReference; lastKnownFileType = sourcecode.swift; path = KnowledgeCardDataStore.swift; sourceTree = "<group>"; };
		229D1D8EAA2A7D5136AACDFE /* GuestUserLocalStore.swift */ = {isa = PBXFileReference; lastKnownFileType = sourcecode.swift; path = GuestUserLocalStore.swift; sourceTree = "<group>"; };
		37C2840F3B04954FA13CFE66 /* icon-user.svg */ = {isa = PBXFileReference; lastKnownFileType = text; path = "icon-user.svg"; sourceTree = "<group>"; };
		39591F509D60BD96299F14C2 /* icon-red-dot.svg */ = {isa = PBXFileReference; lastKnownFileType = text; path = "icon-red-dot.svg"; sourceTree = "<group>"; };
		3AA19891637C6FBBEB88C09F /* icon-uncheck-outline.svg */ = {isa = PBXFileReference; lastKnownFileType = text; path = "icon-uncheck-outline.svg"; sourceTree = "<group>"; };
		3D95212296E2A20DE6ADF492 /* icon-star-01.svg */ = {isa = PBXFileReference; lastKnownFileType = text; path = "icon-star-01.svg"; sourceTree = "<group>"; };
		484E5E0DC393A6CA85CC3A18 /* TaskCardView.swift */ = {isa = PBXFileReference; lastKnownFileType = sourcecode.swift; path = TaskCardView.swift; sourceTree = "<group>"; };
		55A8CBFB9C7F3739114FCE92 /* icon-stars-03.svg */ = {isa = PBXFileReference; lastKnownFileType = text; path = "icon-stars-03.svg"; sourceTree = "<group>"; };
		56F445F0F21913456CC1421B /* icon-certificate.svg */ = {isa = PBXFileReference; lastKnownFileType = text; path = "icon-certificate.svg"; sourceTree = "<group>"; };
		5B78D6068F5F5A90BE6EB1C9 /* icon-graduation-hat.svg */ = {isa = PBXFileReference; lastKnownFileType = text; path = "icon-graduation-hat.svg"; sourceTree = "<group>"; };
		5CAFC1167CC96585EC4FD17F /* icon-arrow-left.svg */ = {isa = PBXFileReference; lastKnownFileType = text; path = "icon-arrow-left.svg"; sourceTree = "<group>"; };
		5D0622BDA7DC5A8DE2CBFAC5 /* icon-target-04.svg */ = {isa = PBXFileReference; lastKnownFileType = text; path = "icon-target-04.svg"; sourceTree = "<group>"; };
		65BB70EED96792E40A39A839 /* icon-atom.svg */ = {isa = PBXFileReference; lastKnownFileType = text; path = "icon-atom.svg"; sourceTree = "<group>"; };
		7014382F98E52A1A69F23F27 /* icon-lightbulb-01.svg */ = {isa = PBXFileReference; lastKnownFileType = text; path = "icon-lightbulb-01.svg"; sourceTree = "<group>"; };
		711501718C6FCF0B2B3C0207 /* icon-dir-check.svg */ = {isa = PBXFileReference; lastKnownFileType = text; path = "icon-dir-check.svg"; sourceTree = "<group>"; };
		7161DFFA22109F57D55D1490 /* AtomQ.app */ = {isa = PBXFileReference; explicitFileType = wrapper.application; includeInIndex = 0; path = AtomQ.app; sourceTree = BUILT_PRODUCTS_DIR; };
		729020C097E7AC92120BB9CA /* Info.plist */ = {isa = PBXFileReference; lastKnownFileType = text.plist; path = Info.plist; sourceTree = "<group>"; };
		7BF74A6C9351A02FBEE9C043 /* icon-arrow-forward.svg */ = {isa = PBXFileReference; lastKnownFileType = text; path = "icon-arrow-forward.svg"; sourceTree = "<group>"; };
		7E20CE2B41A8EBBADFEA3EAA /* icon-lightbulb-02.svg */ = {isa = PBXFileReference; lastKnownFileType = text; path = "icon-lightbulb-02.svg"; sourceTree = "<group>"; };
		823751386443A8A0BCEB5AAE /* icon-home-line.svg */ = {isa = PBXFileReference; lastKnownFileType = text; path = "icon-home-line.svg"; sourceTree = "<group>"; };
		91A78F59B5BD69647B78D6D0 /* icon-lightbulb-03.svg */ = {isa = PBXFileReference; lastKnownFileType = text; path = "icon-lightbulb-03.svg"; sourceTree = "<group>"; };
		99B96544E7EBC91DC8F06B36 /* icon-notification.svg */ = {isa = PBXFileReference; lastKnownFileType = text; path = "icon-notification.svg"; sourceTree = "<group>"; };
		9A04062B17C58FDCC456A3F0 /* marked.min.js */ = {isa = PBXFileReference; lastKnownFileType = sourcecode.javascript; path = marked.min.js; sourceTree = "<group>"; };
		9AC3ACB1E4043759EE899528 /* icon-menu-03.svg */ = {isa = PBXFileReference; lastKnownFileType = text; path = "icon-menu-03.svg"; sourceTree = "<group>"; };
		AA5BB871C8D2C3C36EB161E8 /* icon-dir-chevron-down.svg */ = {isa = PBXFileReference; lastKnownFileType = text; path = "icon-dir-chevron-down.svg"; sourceTree = "<group>"; };
		AA8FFECAFAE9501F84AD3295 /* icon-check-circle.svg */ = {isa = PBXFileReference; lastKnownFileType = text; path = "icon-check-circle.svg"; sourceTree = "<group>"; };
		AE3E1DF4FADEB67697E3DDCA /* status-levels.svg */ = {isa = PBXFileReference; lastKnownFileType = text; path = "status-levels.svg"; sourceTree = "<group>"; };
		B99C32A70B4779C9BBB8CA0C /* icon-dir-x-close.svg */ = {isa = PBXFileReference; lastKnownFileType = text; path = "icon-dir-x-close.svg"; sourceTree = "<group>"; };
		C3771682DEAFBA4319198654 /* icon-play-circle.svg */ = {isa = PBXFileReference; lastKnownFileType = text; path = "icon-play-circle.svg"; sourceTree = "<group>"; };
		CDB5166B754F8253CE3FABB4 /* icon-uncheck-progress.svg */ = {isa = PBXFileReference; lastKnownFileType = text; path = "icon-uncheck-progress.svg"; sourceTree = "<group>"; };
		D34F798EAA7D786BE8BFA915 /* ContentPackageRemoteStore.swift */ = {isa = PBXFileReference; lastKnownFileType = sourcecode.swift; path = ContentPackageRemoteStore.swift; sourceTree = "<group>"; };
		D62A74B784D5D9F21A02F75C /* LeoMarkdownView.swift */ = {isa = PBXFileReference; lastKnownFileType = sourcecode.swift; path = LeoMarkdownView.swift; sourceTree = "<group>"; };
		DB25609DD3456E611E82957C /* bg-hero-subtract.svg */ = {isa = PBXFileReference; lastKnownFileType = text; path = "bg-hero-subtract.svg"; sourceTree = "<group>"; };
		E6F7B0DB401AB6158EECAB41 /* SVGAssetView.swift */ = {isa = PBXFileReference; lastKnownFileType = sourcecode.swift; path = SVGAssetView.swift; sourceTree = "<group>"; };
		E99289CCC89DF261EC27D646 /* icon-hero-spark.svg */ = {isa = PBXFileReference; lastKnownFileType = text; path = "icon-hero-spark.svg"; sourceTree = "<group>"; };
		F07CA8DD0C5582F271E177A4 /* KnowledgeCardStudyView.swift */ = {isa = PBXFileReference; lastKnownFileType = sourcecode.swift; path = KnowledgeCardStudyView.swift; sourceTree = "<group>"; };
		F352754709120C69A9EE7330 /* icon-chevron-forward.svg */ = {isa = PBXFileReference; lastKnownFileType = text; path = "icon-chevron-forward.svg"; sourceTree = "<group>"; };
		F54C49D8AE6FAA7B568DBF5E /* icon-bar-chart.svg */ = {isa = PBXFileReference; lastKnownFileType = text; path = "icon-bar-chart.svg"; sourceTree = "<group>"; };
		F63AAE0DE81A9148A542DACF /* icon-beaker.svg */ = {isa = PBXFileReference; lastKnownFileType = text; path = "icon-beaker.svg"; sourceTree = "<group>"; };
		FAB2363EB89042A89E798CCD /* HomePageView.swift */ = {isa = PBXFileReference; lastKnownFileType = sourcecode.swift; path = HomePageView.swift; sourceTree = "<group>"; };
		FADF5DC7AD330DE39A969084 /* AtomQApp.swift */ = {isa = PBXFileReference; lastKnownFileType = sourcecode.swift; path = AtomQApp.swift; sourceTree = "<group>"; };
		FB09C949FFD7223DE2EB0D1B /* hero-decor-frame-146.svg */ = {isa = PBXFileReference; lastKnownFileType = text; path = "hero-decor-frame-146.svg"; sourceTree = "<group>"; };
		FC4F2965FBEBFDB07EB04FDD /* icon-dots-horizontal.svg */ = {isa = PBXFileReference; lastKnownFileType = text; path = "icon-dots-horizontal.svg"; sourceTree = "<group>"; };
/* End PBXFileReference section */

/* Begin PBXGroup section */
		00F57FC796CC65A1E6023338 /* Design */ = {
			isa = PBXGroup;
			children = (
				10C1468352EEE1EFB1548C8D /* DesignTokens.swift */,
			);
			path = Design;
			sourceTree = "<group>";
		};
		2497C84FA147E412B36816E2 /* Resources */ = {
			isa = PBXGroup;
			children = (
				62CB4D94BAD05B7719495344 /* Markdown */,
				2AB2E603B926335F5BCD26C5 /* SVG */,
			);
			path = Resources;
			sourceTree = "<group>";
		};
		2AB2E603B926335F5BCD26C5 /* SVG */ = {
			isa = PBXGroup;
			children = (
				DB25609DD3456E611E82957C /* bg-hero-subtract.svg */,
				FB09C949FFD7223DE2EB0D1B /* hero-decor-frame-146.svg */,
				7BF74A6C9351A02FBEE9C043 /* icon-arrow-forward.svg */,
				5CAFC1167CC96585EC4FD17F /* icon-arrow-left.svg */,
				65BB70EED96792E40A39A839 /* icon-atom.svg */,
				F54C49D8AE6FAA7B568DBF5E /* icon-bar-chart.svg */,
				F63AAE0DE81A9148A542DACF /* icon-beaker.svg */,
				56F445F0F21913456CC1421B /* icon-certificate.svg */,
				AA8FFECAFAE9501F84AD3295 /* icon-check-circle.svg */,
				F352754709120C69A9EE7330 /* icon-chevron-forward.svg */,
				711501718C6FCF0B2B3C0207 /* icon-dir-check.svg */,
				AA5BB871C8D2C3C36EB161E8 /* icon-dir-chevron-down.svg */,
				04D44891911A66F4F1D92DEE /* icon-dir-chevron-left.svg */,
				B99C32A70B4779C9BBB8CA0C /* icon-dir-x-close.svg */,
				FC4F2965FBEBFDB07EB04FDD /* icon-dots-horizontal.svg */,
				5B78D6068F5F5A90BE6EB1C9 /* icon-graduation-hat.svg */,
				E99289CCC89DF261EC27D646 /* icon-hero-spark.svg */,
				823751386443A8A0BCEB5AAE /* icon-home-line.svg */,
				7014382F98E52A1A69F23F27 /* icon-lightbulb-01.svg */,
				7E20CE2B41A8EBBADFEA3EAA /* icon-lightbulb-02.svg */,
				91A78F59B5BD69647B78D6D0 /* icon-lightbulb-03.svg */,
				9AC3ACB1E4043759EE899528 /* icon-menu-03.svg */,
				99B96544E7EBC91DC8F06B36 /* icon-notification.svg */,
				C3771682DEAFBA4319198654 /* icon-play-circle.svg */,
				39591F509D60BD96299F14C2 /* icon-red-dot.svg */,
				3D95212296E2A20DE6ADF492 /* icon-star-01.svg */,
				55A8CBFB9C7F3739114FCE92 /* icon-stars-03.svg */,
				5D0622BDA7DC5A8DE2CBFAC5 /* icon-target-04.svg */,
				3AA19891637C6FBBEB88C09F /* icon-uncheck-outline.svg */,
				CDB5166B754F8253CE3FABB4 /* icon-uncheck-progress.svg */,
				37C2840F3B04954FA13CFE66 /* icon-user.svg */,
				AE3E1DF4FADEB67697E3DDCA /* status-levels.svg */,
			);
			path = SVG;
			sourceTree = "<group>";
		};
		62CB4D94BAD05B7719495344 /* Markdown */ = {
			isa = PBXGroup;
			children = (
				9A04062B17C58FDCC456A3F0 /* marked.min.js */,
			);
			path = Markdown;
			sourceTree = "<group>";
		};
		633F4917A9912DE155C15193 /* Infrastructure */ = {
			isa = PBXGroup;
			children = (
				D34F798EAA7D786BE8BFA915 /* ContentPackageRemoteStore.swift */,
				229D1D8EAA2A7D5136AACDFE /* GuestUserLocalStore.swift */,
				149F36AC2BAC96EDCF4C03DF /* KnowledgeCardDataStore.swift */,
				E6F7B0DB401AB6158EECAB41 /* SVGAssetView.swift */,
			);
			path = Infrastructure;
			sourceTree = "<group>";
		};
		91B9511CF0D8EA6A9E9F1218 /* Products */ = {
			isa = PBXGroup;
			children = (
				7161DFFA22109F57D55D1490 /* AtomQ.app */,
			);
			name = Products;
			sourceTree = "<group>";
		};
		D8247C872B2494D2C541601F = {
			isa = PBXGroup;
			children = (
				E780696AECC0B846E99587FA /* AtomQ */,
				91B9511CF0D8EA6A9E9F1218 /* Products */,
			);
			sourceTree = "<group>";
		};
		DA729FDDD436F7D21A9A7E51 /* Views */ = {
			isa = PBXGroup;
			children = (
				FAB2363EB89042A89E798CCD /* HomePageView.swift */,
				F07CA8DD0C5582F271E177A4 /* KnowledgeCardStudyView.swift */,
				D62A74B784D5D9F21A02F75C /* LeoMarkdownView.swift */,
				484E5E0DC393A6CA85CC3A18 /* TaskCardView.swift */,
			);
			path = Views;
			sourceTree = "<group>";
		};
		E780696AECC0B846E99587FA /* AtomQ */ = {
			isa = PBXGroup;
			children = (
				FADF5DC7AD330DE39A969084 /* AtomQApp.swift */,
				729020C097E7AC92120BB9CA /* Info.plist */,
				00F57FC796CC65A1E6023338 /* Design */,
				633F4917A9912DE155C15193 /* Infrastructure */,
				2497C84FA147E412B36816E2 /* Resources */,
				DA729FDDD436F7D21A9A7E51 /* Views */,
			);
			path = AtomQ;
			sourceTree = "<group>";
		};
/* End PBXGroup section */

/* Begin PBXNativeTarget section */
		5236E90B59E6FE9A54B3FE9E /* AtomQ */ = {
			isa = PBXNativeTarget;
			buildConfigurationList = 562796D53420E04FEAD2D69B /* Build configuration list for PBXNativeTarget "AtomQ" */;
			buildPhases = (
				17877459868170050B60326F /* Sources */,
				ED3E9DCFA86E9E1374B44E2E /* Resources */,
			);
			buildRules = (
			);
			dependencies = (
			);
			name = AtomQ;
			packageProductDependencies = (
			);
			productName = AtomQ;
			productReference = 7161DFFA22109F57D55D1490 /* AtomQ.app */;
			productType = "com.apple.product-type.application";
		};
/* End PBXNativeTarget section */

/* Begin PBXProject section */
		55A50362F3EF903224341033 /* Project object */ = {
			isa = PBXProject;
			attributes = {
				BuildIndependentTargetsInParallel = YES;
				LastUpgradeCheck = 1430;
			};
			buildConfigurationList = 78FEAD182048974A76B1FECB /* Build configuration list for PBXProject "AtomQ" */;
			developmentRegion = en;
			hasScannedForEncodings = 0;
			knownRegions = (
				Base,
				en,
			);
			mainGroup = D8247C872B2494D2C541601F;
			minimizedProjectReferenceProxies = 1;
			preferredProjectObjectVersion = 77;
			productRefGroup = 91B9511CF0D8EA6A9E9F1218 /* Products */;
			projectDirPath = "";
			projectRoot = "";
			targets = (
				5236E90B59E6FE9A54B3FE9E /* AtomQ */,
			);
		};
/* End PBXProject section */

/* Begin PBXResourcesBuildPhase section */
		ED3E9DCFA86E9E1374B44E2E /* Resources */ = {
			isa = PBXResourcesBuildPhase;
			buildActionMask = 2147483647;
			files = (
				CE7D8C2B5010DEE19DCB7596 /* bg-hero-subtract.svg in Resources */,
				DB919C8E3FD08DD5180F1DB4 /* hero-decor-frame-146.svg in Resources */,
				72382277EC3402A7330A2FC1 /* icon-arrow-forward.svg in Resources */,
				5A128BBF3E6FADDCE8F5666A /* icon-arrow-left.svg in Resources */,
				524BD50A001157C37191DC0A /* icon-atom.svg in Resources */,
				7F10E00229C72643A53187B6 /* icon-bar-chart.svg in Resources */,
				2ADF40258B49AEADC3E88EF4 /* icon-beaker.svg in Resources */,
				D90841C6378C9E956988C38A /* icon-certificate.svg in Resources */,
				BE2C843D73890ED4E0DAA694 /* icon-check-circle.svg in Resources */,
				631194BBB22D2FC9B96E8F67 /* icon-chevron-forward.svg in Resources */,
				217E3B8B84D0BC624AA135FD /* icon-dir-check.svg in Resources */,
				DB1F9B9296315475F0542E3B /* icon-dir-chevron-down.svg in Resources */,
				37D83F274F06B04650AF9E9E /* icon-dir-chevron-left.svg in Resources */,
				C0A3F5B468791ACE7803C655 /* icon-dir-x-close.svg in Resources */,
				5A38289E8DA6C425E1A5FD4C /* icon-dots-horizontal.svg in Resources */,
				531CA98EBCE8A76260E83F68 /* icon-graduation-hat.svg in Resources */,
				80295D86E089E0B8AE71BC9F /* icon-hero-spark.svg in Resources */,
				D1E909C9F7384073DE012F47 /* icon-home-line.svg in Resources */,
				DDF2D5CCD6C652BDF2F02598 /* icon-lightbulb-01.svg in Resources */,
				B304806B5D6E1F0932C9C17B /* icon-lightbulb-02.svg in Resources */,
				06CC190E22040273064279FD /* icon-lightbulb-03.svg in Resources */,
				551BCA69430C16E8BCA6A9AC /* icon-menu-03.svg in Resources */,
				50688867273A70F6462B066A /* icon-notification.svg in Resources */,
				179C8061EEA26D8802226CCA /* icon-play-circle.svg in Resources */,
				D6ED433F505CE173364B7C94 /* icon-red-dot.svg in Resources */,
				0410A86BF8E7D8214F677C56 /* icon-star-01.svg in Resources */,
				3D16708C5BDFC13CAABC9830 /* icon-stars-03.svg in Resources */,
				C19F98A963310AFF45E01BD5 /* icon-target-04.svg in Resources */,
				3C79958E66FEFFB58B68F933 /* icon-uncheck-outline.svg in Resources */,
				EB699414FBC12C594FED27DA /* icon-uncheck-progress.svg in Resources */,
				4C7A054A28067447A4082F21 /* icon-user.svg in Resources */,
				5CDF78EA63724AE4CCCCC02C /* marked.min.js in Resources */,
				50FA9382ED6F63C0B8E046A8 /* status-levels.svg in Resources */,
			);
			runOnlyForDeploymentPostprocessing = 0;
		};
/* End PBXResourcesBuildPhase section */

/* Begin PBXSourcesBuildPhase section */
		17877459868170050B60326F /* Sources */ = {
			isa = PBXSourcesBuildPhase;
			buildActionMask = 2147483647;
			files = (
				06F8C74979E99807A04E536F /* AtomQApp.swift in Sources */,
				545AC590149B6DF05123FAD8 /* ContentPackageRemoteStore.swift in Sources */,
				6C73A8DBE430AD4677209F69 /* DesignTokens.swift in Sources */,
				76C63CE8A429449867A08DED /* GuestUserLocalStore.swift in Sources */,
				3E681F7780C815BAFA052674 /* HomePageView.swift in Sources */,
				E42C4E1C9739F5130BA09C4D /* KnowledgeCardDataStore.swift in Sources */,
				9F20B72498F300CFAF8711FE /* KnowledgeCardStudyView.swift in Sources */,
				B2C6ACD179E3725E505380E1 /* LeoMarkdownView.swift in Sources */,
				6910BA96A48C1165835CA468 /* SVGAssetView.swift in Sources */,
				A5E4BEA5417D75F78CEC7140 /* TaskCardView.swift in Sources */,
			);
			runOnlyForDeploymentPostprocessing = 0;
		};
/* End PBXSourcesBuildPhase section */

/* Begin XCBuildConfiguration section */
		49173C3F4B96CDEECBCA1B2B /* Release */ = {
			isa = XCBuildConfiguration;
			buildSettings = {
				ALWAYS_SEARCH_USER_PATHS = NO;
				CLANG_ANALYZER_NONNULL = YES;
				CLANG_ANALYZER_NUMBER_OBJECT_CONVERSION = YES_AGGRESSIVE;
				CLANG_CXX_LANGUAGE_STANDARD = "gnu++14";
				CLANG_CXX_LIBRARY = "libc++";
				CLANG_ENABLE_MODULES = YES;
				CLANG_ENABLE_OBJC_ARC = YES;
				CLANG_ENABLE_OBJC_WEAK = YES;
				CLANG_WARN_BLOCK_CAPTURE_AUTORELEASING = YES;
				CLANG_WARN_BOOL_CONVERSION = YES;
				CLANG_WARN_COMMA = YES;
				CLANG_WARN_CONSTANT_CONVERSION = YES;
				CLANG_WARN_DEPRECATED_OBJC_IMPLEMENTATIONS = YES;
				CLANG_WARN_DIRECT_OBJC_ISA_USAGE = YES_ERROR;
				CLANG_WARN_DOCUMENTATION_COMMENTS = YES;
				CLANG_WARN_EMPTY_BODY = YES;
				CLANG_WARN_ENUM_CONVERSION = YES;
				CLANG_WARN_INFINITE_RECURSION = YES;
				CLANG_WARN_INT_CONVERSION = YES;
				CLANG_WARN_NON_LITERAL_NULL_CONVERSION = YES;
				CLANG_WARN_OBJC_IMPLICIT_RETAIN_SELF = YES;
				CLANG_WARN_OBJC_LITERAL_CONVERSION = YES;
				CLANG_WARN_OBJC_ROOT_CLASS = YES_ERROR;
				CLANG_WARN_QUOTED_INCLUDE_IN_FRAMEWORK_HEADER = YES;
				CLANG_WARN_RANGE_LOOP_ANALYSIS = YES;
				CLANG_WARN_STRICT_PROTOTYPES = YES;
				CLANG_WARN_SUSPICIOUS_MOVE = YES;
				CLANG_WARN_UNGUARDED_AVAILABILITY = YES_AGGRESSIVE;
				CLANG_WARN_UNREACHABLE_CODE = YES;
				CLANG_WARN__DUPLICATE_METHOD_MATCH = YES;
				COPY_PHASE_STRIP = NO;
				DEBUG_INFORMATION_FORMAT = "dwarf-with-dsym";
				ENABLE_NS_ASSERTIONS = NO;
				ENABLE_STRICT_OBJC_MSGSEND = YES;
				GCC_C_LANGUAGE_STANDARD = gnu11;
				GCC_NO_COMMON_BLOCKS = YES;
				GCC_WARN_64_TO_32_BIT_CONVERSION = YES;
				GCC_WARN_ABOUT_RETURN_TYPE = YES_ERROR;
				GCC_WARN_UNDECLARED_SELECTOR = YES;
				GCC_WARN_UNINITIALIZED_AUTOS = YES_AGGRESSIVE;
				GCC_WARN_UNUSED_FUNCTION = YES;
				GCC_WARN_UNUSED_VARIABLE = YES;
				IPHONEOS_DEPLOYMENT_TARGET = 17.0;
				MTL_ENABLE_DEBUG_INFO = NO;
				MTL_FAST_MATH = YES;
				PRODUCT_NAME = "$(TARGET_NAME)";
				SDKROOT = iphoneos;
				SWIFT_COMPILATION_MODE = wholemodule;
				SWIFT_OPTIMIZATION_LEVEL = "-O";
				SWIFT_VERSION = 5.1;
			};
			name = Release;
		};
		63C989682F5525942F8E3500 /* Debug */ = {
			isa = XCBuildConfiguration;
			buildSettings = {
				ASSETCATALOG_COMPILER_APPICON_NAME = "";
				CODE_SIGN_IDENTITY = "iPhone Developer";
				DEVELOPMENT_TEAM = 6737R5Z8X7;
				GENERATE_INFOPLIST_FILE = NO;
				INFOPLIST_FILE = AtomQ/Info.plist;
				LD_RUNPATH_SEARCH_PATHS = (
					"$(inherited)",
					"@executable_path/Frameworks",
				);
				PRODUCT_BUNDLE_IDENTIFIER = com.atomq.home.static;
				SDKROOT = iphoneos;
				SUPPORTS_MACCATALYST = NO;
				TARGETED_DEVICE_FAMILY = 1;
			};
			name = Debug;
		};
		8394D541E2F289AE63771CA4 /* Release */ = {
			isa = XCBuildConfiguration;
			buildSettings = {
				ASSETCATALOG_COMPILER_APPICON_NAME = "";
				CODE_SIGN_IDENTITY = "iPhone Developer";
				DEVELOPMENT_TEAM = 6737R5Z8X7;
				GENERATE_INFOPLIST_FILE = NO;
				INFOPLIST_FILE = AtomQ/Info.plist;
				LD_RUNPATH_SEARCH_PATHS = (
					"$(inherited)",
					"@executable_path/Frameworks",
				);
				PRODUCT_BUNDLE_IDENTIFIER = com.atomq.home.static;
				SDKROOT = iphoneos;
				SUPPORTS_MACCATALYST = NO;
				TARGETED_DEVICE_FAMILY = 1;
			};
			name = Release;
		};
		AE066FAD727BCD9661727BA8 /* Debug */ = {
			isa = XCBuildConfiguration;
			buildSettings = {
				ALWAYS_SEARCH_USER_PATHS = NO;
				CLANG_ANALYZER_NONNULL = YES;
				CLANG_ANALYZER_NUMBER_OBJECT_CONVERSION = YES_AGGRESSIVE;
				CLANG_CXX_LANGUAGE_STANDARD = "gnu++14";
				CLANG_CXX_LIBRARY = "libc++";
				CLANG_ENABLE_MODULES = YES;
				CLANG_ENABLE_OBJC_ARC = YES;
				CLANG_ENABLE_OBJC_WEAK = YES;
				CLANG_WARN_BLOCK_CAPTURE_AUTORELEASING = YES;
				CLANG_WARN_BOOL_CONVERSION = YES;
				CLANG_WARN_COMMA = YES;
				CLANG_WARN_CONSTANT_CONVERSION = YES;
				CLANG_WARN_DEPRECATED_OBJC_IMPLEMENTATIONS = YES;
				CLANG_WARN_DIRECT_OBJC_ISA_USAGE = YES_ERROR;
				CLANG_WARN_DOCUMENTATION_COMMENTS = YES;
				CLANG_WARN_EMPTY_BODY = YES;
				CLANG_WARN_ENUM_CONVERSION = YES;
				CLANG_WARN_INFINITE_RECURSION = YES;
				CLANG_WARN_INT_CONVERSION = YES;
				CLANG_WARN_NON_LITERAL_NULL_CONVERSION = YES;
				CLANG_WARN_OBJC_IMPLICIT_RETAIN_SELF = YES;
				CLANG_WARN_OBJC_LITERAL_CONVERSION = YES;
				CLANG_WARN_OBJC_ROOT_CLASS = YES_ERROR;
				CLANG_WARN_QUOTED_INCLUDE_IN_FRAMEWORK_HEADER = YES;
				CLANG_WARN_RANGE_LOOP_ANALYSIS = YES;
				CLANG_WARN_STRICT_PROTOTYPES = YES;
				CLANG_WARN_SUSPICIOUS_MOVE = YES;
				CLANG_WARN_UNGUARDED_AVAILABILITY = YES_AGGRESSIVE;
				CLANG_WARN_UNREACHABLE_CODE = YES;
				CLANG_WARN__DUPLICATE_METHOD_MATCH = YES;
				COPY_PHASE_STRIP = NO;
				DEBUG_INFORMATION_FORMAT = dwarf;
				ENABLE_STRICT_OBJC_MSGSEND = YES;
				ENABLE_TESTABILITY = YES;
				GCC_C_LANGUAGE_STANDARD = gnu11;
				GCC_DYNAMIC_NO_PIC = NO;
				GCC_NO_COMMON_BLOCKS = YES;
				GCC_OPTIMIZATION_LEVEL = 0;
				GCC_PREPROCESSOR_DEFINITIONS = (
					"$(inherited)",
					"DEBUG=1",
				);
				GCC_WARN_64_TO_32_BIT_CONVERSION = YES;
				GCC_WARN_ABOUT_RETURN_TYPE = YES_ERROR;
				GCC_WARN_UNDECLARED_SELECTOR = YES;
				GCC_WARN_UNINITIALIZED_AUTOS = YES_AGGRESSIVE;
				GCC_WARN_UNUSED_FUNCTION = YES;
				GCC_WARN_UNUSED_VARIABLE = YES;
				IPHONEOS_DEPLOYMENT_TARGET = 17.0;
				MTL_ENABLE_DEBUG_INFO = INCLUDE_SOURCE;
				MTL_FAST_MATH = YES;
				ONLY_ACTIVE_ARCH = YES;
				PRODUCT_NAME = "$(TARGET_NAME)";
				SDKROOT = iphoneos;
				SWIFT_ACTIVE_COMPILATION_CONDITIONS = DEBUG;
				SWIFT_OPTIMIZATION_LEVEL = "-Onone";
				SWIFT_VERSION = 5.1;
			};
			name = Debug;
		};
/* End XCBuildConfiguration section */

/* Begin XCConfigurationList section */
		562796D53420E04FEAD2D69B /* Build configuration list for PBXNativeTarget "AtomQ" */ = {
			isa = XCConfigurationList;
			buildConfigurations = (
				63C989682F5525942F8E3500 /* Debug */,
				8394D541E2F289AE63771CA4 /* Release */,
			);
			defaultConfigurationIsVisible = 0;
			defaultConfigurationName = Debug;
		};
		78FEAD182048974A76B1FECB /* Build configuration list for PBXProject "AtomQ" */ = {
			isa = XCConfigurationList;
			buildConfigurations = (
				AE066FAD727BCD9661727BA8 /* Debug */,
				49173C3F4B96CDEECBCA1B2B /* Release */,
			);
			defaultConfigurationIsVisible = 0;
			defaultConfigurationName = Debug;
		};
/* End XCConfigurationList section */
	};
	rootObject = 55A50362F3EF903224341033 /* Project object */;
}
